
Microsoft Visual Studio Solution File, Format Version 12.00
# Visual Studio Version 17
VisualStudioVersion = 17.6.33829.357
MinimumVisualStudioVersion = 10.0.40219.1
Project("{FAE04EC0-301F-11D3-BF4B-00C04F79EFBC}") = "Homework2", "Homework2\Homework2.csproj", "{65F08D60-B2BA-411E-A124-36C1350D176F}"
EndProject
Global
	GlobalSection(SolutionConfigurationPlatforms) = preSolution
		Debug|Any CPU = Debug|Any CPU
		Release|Any CPU = Release|Any CPU
	EndGlobalSection
	GlobalSection(ProjectConfigurationPlatforms) = postSolution
		{65F08D60-B2BA-411E-A124-36C1350D176F}.Debug|Any CPU.ActiveCfg = Debug|Any CPU
		{65F08D60-B2BA-411E-A124-36C1350D176F}.Debug|Any CPU.Build.0 = Debug|Any CPU
		{65F08D60-B2BA-411E-A124-36C1350D176F}.Release|Any CPU.ActiveCfg = Release|Any CPU
		{65F08D60-B2BA-411E-A124-36C1350D176F}.Release|Any CPU.Build.0 = Release|Any CPU
	EndGlobalSection
	GlobalSection(SolutionProperties) = preSolution
		HideSolutionNode = FALSE
	EndGlobalSection
	GlobalSection(ExtensibilityGlobals) = postSolution
		SolutionGuid = {B1408FAB-8B39-4437-B093-81B3121087CF}
	EndGlobalSection
EndGlobal
